{
  "name": "app",
  "lockfileVersion": 3,
  "requires": true,
  "packages": {
    "": {
      "dependencies": {
        "ziggy-js": "^2.6.2"
      }
    },
    "node_modules/qs-esm": {
      "version": "7.0.3",
      "resolved": "https://registry.npmjs.org/qs-esm/-/qs-esm-7.0.3.tgz",
      "integrity": "sha512-8jbjCR0PPbqoQcv83C2K/zvVeytRPwPpt3WPDbq51qyLAxcWGtXVRjSe6GHtLCoVbg9+NEFkv7GyUxqjcDIJzw==",
      "license": "BSD-3-Clause",
      "engines": {
        "node": ">=18"
      },
      "funding": {
        "url": "https://github.com/sponsors/ljharb"
      }
    },
    "node_modules/ziggy-js": {
      "version": "2.6.2",
      "resolved": "https://registry.npmjs.org/ziggy-js/-/ziggy-js-2.6.2.tgz",
      "integrity": "sha512-41xc9wRvv5Olh8pZjKSaL5vDAjw4BfTDMFoeLwRpDGc2B+uqcdwIKd81EHs6uwpqahdRrU7uMab0xWj0hBSDjg==",
      "license": "MIT",
      "dependencies": {
        "qs-esm": "^7.0.3"
      }
    }
  }
}
